
Microsoft Visual Studio Solution File, Format Version 12.00
# Visual Studio 15
VisualStudioVersion = 15.0.27004.2006
MinimumVisualStudioVersion = 10.0.40219.1
Project("{FAE04EC0-301F-11D3-BF4B-00C04F79EFBC}") = "TelesarjadeRenameimine", "TelesarjadeRenameimine\TelesarjadeRenameimine.csproj", "{82655C57-AC74-4122-9327-F66A24D7CADF}"
EndProject
Global
	GlobalSection(SolutionConfigurationPlatforms) = preSolution
		Debug|Any CPU = Debug|Any CPU
		Release|Any CPU = Release|Any CPU
	EndGlobalSection
	GlobalSection(ProjectConfigurationPlatforms) = postSolution
		{82655C57-AC74-4122-9327-F66A24D7CADF}.Debug|Any CPU.ActiveCfg = Debug|Any CPU
		{82655C57-AC74-4122-9327-F66A24D7CADF}.Debug|Any CPU.Build.0 = Debug|Any CPU
		{82655C57-AC74-4122-9327-F66A24D7CADF}.Release|Any CPU.ActiveCfg = Release|Any CPU
		{82655C57-AC74-4122-9327-F66A24D7CADF}.Release|Any CPU.Build.0 = Release|Any CPU
	EndGlobalSection
	GlobalSection(SolutionProperties) = preSolution
		HideSolutionNode = FALSE
	EndGlobalSection
	GlobalSection(ExtensibilityGlobals) = postSolution
		SolutionGuid = {6CAE72BA-7064-4E73-A593-91459A88CFE1}
	EndGlobalSection
EndGlobal
